schema: '2.0'
stages:
  prepare:
    cmd: python src/prepare.py data/data.xml
    deps:
    - path: data/data.xml
      md5: 22a1a2931c8370d3aeedd7183606fd7f
      size: 14445097
    - path: src/prepare.py
      md5: f09ea0c15980b43010257ccb9f0055e2
      size: 1576
    params:
      params.yaml:
        prepare.seed: 20170428
        prepare.split: 0.2
    outs:
    - path: data/prepared
      md5: 153aad06d376b6595932470e459ef42a.dir
      size: 8437363
      nfiles: 2
  featurize:
    cmd: python src/featurization.py data/prepared data/features
    deps:
    - path: data/prepared
      md5: 153aad06d376b6595932470e459ef42a.dir
      size: 8437363
      nfiles: 2
    - path: src/featurization.py
      md5: 0b482f0c397320227765e743dd947ebb
      size: 2491
    params:
      params.yaml:
        featurize.max_features: 150
        featurize.ngrams: 2
    outs:
    - path: data/features
      md5: 8e55ff5b029606f774ccd57e1c4b3576.dir
      size: 1981982
      nfiles: 2
  train:
    cmd: python src/train.py data/features model.pkl
    deps:
    - path: data/features
      md5: 8e55ff5b029606f774ccd57e1c4b3576.dir
      size: 1981982
      nfiles: 2
    - path: src/train.py
      md5: c3961d777cfbd7727f9fde4851896006
      size: 967
    params:
      params.yaml:
        train.min_split: 0.01
        train.n_est: 50
        train.seed: 20170428
    outs:
    - path: model.pkl
      md5: 10c6a629f08651d50fb6ef627f05f04d
      size: 1714621
  evaluate:
    cmd: python src/evaluate.py model.pkl data/features
    deps:
    - path: data/features
      md5: 8e55ff5b029606f774ccd57e1c4b3576.dir
      size: 1981982
      nfiles: 2
    - path: model.pkl
      md5: 10c6a629f08651d50fb6ef627f05f04d
      size: 1714621
    - path: src/evaluate.py
      md5: e538db1a5c3bb59f954b642fb7d2af1e
      size: 3304
    outs:
    - path: eval/importance.png
      md5: ef939890fbe298dc369810bff4bd32d5
      size: 33842
    - path: eval/live/metrics.json
      md5: 2c78c1eac37e69669dd1a46adea81490
      size: 196
    - path: eval/live/plots
      md5: a24a81e5b30cb49558c4cb9a0d2b930e.dir
      size: 763749
      nfiles: 4
    - path: eval/prc
      md5: 455576535815eb4294afd9af5d79994c.dir
      size: 295542
      nfiles: 2
